
Microsoft Visual Studio Solution File, Format Version 12.00
# Visual Studio 15
VisualStudioVersion = 15.0.26730.16
MinimumVisualStudioVersion = 10.0.40219.1
Project("{FAE04EC0-301F-11D3-BF4B-00C04F79EFBC}") = "Jsonfile pt2", "Jsonfile pt2\Jsonfile pt2.csproj", "{524FFD79-F047-47EE-AE28-46E6A98BF39B}"
EndProject
Global
	GlobalSection(SolutionConfigurationPlatforms) = preSolution
		Debug|Any CPU = Debug|Any CPU
		Release|Any CPU = Release|Any CPU
	EndGlobalSection
	GlobalSection(ProjectConfigurationPlatforms) = postSolution
		{524FFD79-F047-47EE-AE28-46E6A98BF39B}.Debug|Any CPU.ActiveCfg = Debug|Any CPU
		{524FFD79-F047-47EE-AE28-46E6A98BF39B}.Debug|Any CPU.Build.0 = Debug|Any CPU
		{524FFD79-F047-47EE-AE28-46E6A98BF39B}.Release|Any CPU.ActiveCfg = Release|Any CPU
		{524FFD79-F047-47EE-AE28-46E6A98BF39B}.Release|Any CPU.Build.0 = Release|Any CPU
	EndGlobalSection
	GlobalSection(SolutionProperties) = preSolution
		HideSolutionNode = FALSE
	EndGlobalSection
	GlobalSection(ExtensibilityGlobals) = postSolution
		SolutionGuid = {693A7379-B7DA-4610-9333-322079A0DC77}
	EndGlobalSection
EndGlobal
